
Microsoft Visual Studio Solution File, Format Version 12.00
# Visual Studio Version 17
VisualStudioVersion = 17.9.34723.18
MinimumVisualStudioVersion = 10.0.40219.1
Project("{FAE04EC0-301F-11D3-BF4B-00C04F79EFBC}") = "JewelryStore", "JewelryStore\JewelryStore.csproj", "{0350ECDE-E24E-4458-8D89-95D1A0CA25E0}"
EndProject
Global
	GlobalSection(SolutionConfigurationPlatforms) = preSolution
		Debug|Any CPU = Debug|Any CPU
		Release|Any CPU = Release|Any CPU
	EndGlobalSection
	GlobalSection(ProjectConfigurationPlatforms) = postSolution
		{0350ECDE-E24E-4458-8D89-95D1A0CA25E0}.Debug|Any CPU.ActiveCfg = Debug|Any CPU
		{0350ECDE-E24E-4458-8D89-95D1A0CA25E0}.Debug|Any CPU.Build.0 = Debug|Any CPU
		{0350ECDE-E24E-4458-8D89-95D1A0CA25E0}.Release|Any CPU.ActiveCfg = Release|Any CPU
		{0350ECDE-E24E-4458-8D89-95D1A0CA25E0}.Release|Any CPU.Build.0 = Release|Any CPU
	EndGlobalSection
	GlobalSection(SolutionProperties) = preSolution
		HideSolutionNode = FALSE
	EndGlobalSection
	GlobalSection(ExtensibilityGlobals) = postSolution
		SolutionGuid = {35DC34CF-A844-45D6-8223-E023ABCB343C}
	EndGlobalSection
EndGlobal
